
Microsoft Visual Studio Solution File, Format Version 12.00
# Visual Studio Version 17
VisualStudioVersion = 17.14.36212.18
MinimumVisualStudioVersion = 10.0.40219.1
Project("{FAE04EC0-301F-11D3-BF4B-00C04F79EFBC}") = "RoslynSuppressorTest1", "RoslynSuppressorTest1\RoslynSuppressorTest1\RoslynSuppressorTest1.csproj", "{327162FE-1BD1-43D8-A4A4-CBEACF0FBE80}"
EndProject
Project("{FAE04EC0-301F-11D3-BF4B-00C04F79EFBC}") = "RoslynSuppressorTest1.Test", "RoslynSuppressorTest1\RoslynSuppressorTest1.Test\RoslynSuppressorTest1.Test.csproj", "{AC8F51AB-5CFD-4075-ACEA-C8C5F0826BF2}"
EndProject
Project("{2150E333-8FDC-42A3-9474-1A3956D46DE8}") = "Solution Items", "Solution Items", "{8EC462FD-D22E-90A8-E5CE-7E832BA40C5D}"
	ProjectSection(SolutionItems) = preProject
		nuget.config = nuget.config
	EndProjectSection
EndProject
Global
	GlobalSection(SolutionConfigurationPlatforms) = preSolution
		Debug|Any CPU = Debug|Any CPU
		Release|Any CPU = Release|Any CPU
	EndGlobalSection
	GlobalSection(ProjectConfigurationPlatforms) = postSolution
		{327162FE-1BD1-43D8-A4A4-CBEACF0FBE80}.Debug|Any CPU.ActiveCfg = Debug|Any CPU
		{327162FE-1BD1-43D8-A4A4-CBEACF0FBE80}.Debug|Any CPU.Build.0 = Debug|Any CPU
		{327162FE-1BD1-43D8-A4A4-CBEACF0FBE80}.Release|Any CPU.ActiveCfg = Release|Any CPU
		{327162FE-1BD1-43D8-A4A4-CBEACF0FBE80}.Release|Any CPU.Build.0 = Release|Any CPU
		{AC8F51AB-5CFD-4075-ACEA-C8C5F0826BF2}.Debug|Any CPU.ActiveCfg = Debug|Any CPU
		{AC8F51AB-5CFD-4075-ACEA-C8C5F0826BF2}.Debug|Any CPU.Build.0 = Debug|Any CPU
		{AC8F51AB-5CFD-4075-ACEA-C8C5F0826BF2}.Release|Any CPU.ActiveCfg = Release|Any CPU
		{AC8F51AB-5CFD-4075-ACEA-C8C5F0826BF2}.Release|Any CPU.Build.0 = Release|Any CPU
	EndGlobalSection
	GlobalSection(SolutionProperties) = preSolution
		HideSolutionNode = FALSE
	EndGlobalSection
	GlobalSection(ExtensibilityGlobals) = postSolution
		SolutionGuid = {95406B97-5F66-4CFB-9E7D-C8BD91D27A45}
	EndGlobalSection
EndGlobal
